{
  "name": "peak-abu",
  "lockfileVersion": 3,
  "requires": true,
  "packages": {
    "": {
      "dependencies": {
        "ntp-time": "^2.1.1"
      }
    },
    "node_modules/ntp-time": {
      "version": "2.1.1",
      "resolved": "https://registry.npmjs.org/ntp-time/-/ntp-time-2.1.1.tgz",
      "integrity": "sha512-56j82U8cTk2d97u2yuktfpCEjAqckD1lCzw67yWBID+fIjm7eoc4GvU4AvgEgi7yK98Kvcc6l7UtOmtJhE5X+A==",
      "license": "MIT"
    }
  }
}
