{
  "name": "apex-highlights",
  "lockfileVersion": 3,
  "requires": true,
  "packages": {
    "": {
      "dependencies": {
        "sntp": "^3.0.2"
      }
    },
    "node_modules/boom": {
      "version": "7.3.0",
      "resolved": "https://registry.npmjs.org/boom/-/boom-7.3.0.tgz",
      "integrity": "sha512-Swpoyi2t5+GhOEGw8rEsKvTxFLIDiiKoUc2gsoV6Lyr43LHBIzch3k2MvYUs8RTROrIkVJ3Al0TkaOGjnb+B6A==",
      "deprecated": "This module has moved and is now available at @hapi/boom. Please update your dependencies as this version is no longer maintained an may contain bugs and security issues.",
      "license": "BSD-3-Clause",
      "dependencies": {
        "hoek": "6.x.x"
      }
    },
    "node_modules/bounce": {
      "version": "1.2.3",
      "resolved": "https://registry.npmjs.org/bounce/-/bounce-1.2.3.tgz",
      "integrity": "sha512-3G7B8CyBnip5EahCZJjnvQ1HLyArC6P5e+xcolo13BVI9ogFaDOsNMAE7FIWliHtIkYI8/nTRCvCY9tZa3Mu4g==",
      "deprecated": "This module has moved and is now available at @hapi/bounce. Please update your dependencies as this version is no longer maintained an may contain bugs and security issues.",
      "license": "BSD-3-Clause",
      "dependencies": {
        "boom": "7.x.x",
        "hoek": "6.x.x"
      }
    },
    "node_modules/hoek": {
      "version": "6.1.3",
      "resolved": "https://registry.npmjs.org/hoek/-/hoek-6.1.3.tgz",
      "integrity": "sha512-YXXAAhmF9zpQbC7LEcREFtXfGq5K1fmd+4PHkBq8NUqmzW3G+Dq10bI/i0KucLRwss3YYFQ0fSfoxBZYiGUqtQ==",
      "deprecated": "This module has moved and is now available at @hapi/hoek. Please update your dependencies as this version is no longer maintained an may contain bugs and security issues.",
      "license": "BSD-3-Clause"
    },
    "node_modules/sntp": {
      "version": "3.0.2",
      "resolved": "https://registry.npmjs.org/sntp/-/sntp-3.0.2.tgz",
      "integrity": "sha512-MCAPpBPFjNp1fwDVCLSRuWuH9gONtb2R+lS1esC6Mp8lP6jy60FVUtP/Qr0jBvcWAVbhzx06y1b6ptXiy32dug==",
      "deprecated": "This module moved to @hapi/sntp. Please make sure to switch over as this distribution is no longer supported and may contain bugs and critical security issues.",
      "license": "BSD-3-Clause",
      "dependencies": {
        "boom": "7.x.x",
        "bounce": "1.x.x",
        "hoek": "6.x.x",
        "teamwork": "3.x.x"
      }
    },
    "node_modules/teamwork": {
      "version": "3.2.0",
      "resolved": "https://registry.npmjs.org/teamwork/-/teamwork-3.2.0.tgz",
      "integrity": "sha512-xAmJ8PIVjRZMXAHgUuOP8ITsv0SedyWAit2UWiNImXgg/F+BxrsG46ZegElNBM0Dwp+iMfbigg/Ll/M2oDRYww==",
      "deprecated": "This module has moved and is now available at @hapi/teamwork. Please update your dependencies as this version is no longer maintained an may contain bugs and security issues.",
      "license": "BSD-3-Clause"
    }
  }
}
